
Microsoft Visual Studio Solution File, Format Version 12.00
# Visual Studio Version 17
VisualStudioVersion = 17.7.34221.43
MinimumVisualStudioVersion = 10.0.40219.1
Project("{9A19103F-16F7-4668-BE54-9A1E7A4F7556}") = "RagExpertBot", "RagExpertBot\RagExpertBot.csproj", "{D6E3FC0B-A0BC-47F9-9603-2ED4AAC9A57D}"
EndProject
Global
	GlobalSection(SolutionConfigurationPlatforms) = preSolution
		Debug|Any CPU = Debug|Any CPU
		Release|Any CPU = Release|Any CPU
	EndGlobalSection
	GlobalSection(ProjectConfigurationPlatforms) = postSolution
		{D6E3FC0B-A0BC-47F9-9603-2ED4AAC9A57D}.Debug|Any CPU.ActiveCfg = Debug|Any CPU
		{D6E3FC0B-A0BC-47F9-9603-2ED4AAC9A57D}.Debug|Any CPU.Build.0 = Debug|Any CPU
		{D6E3FC0B-A0BC-47F9-9603-2ED4AAC9A57D}.Release|Any CPU.ActiveCfg = Release|Any CPU
		{D6E3FC0B-A0BC-47F9-9603-2ED4AAC9A57D}.Release|Any CPU.Build.0 = Release|Any CPU
	EndGlobalSection
	GlobalSection(SolutionProperties) = preSolution
		HideSolutionNode = FALSE
	EndGlobalSection
	GlobalSection(ExtensibilityGlobals) = postSolution
		SolutionGuid = {E7A951F1-67F4-45F0-A3FA-3A16A7ABB98F}
	EndGlobalSection
EndGlobal
